
Microsoft Visual Studio Solution File, Format Version 12.00
# Visual Studio Version 17
VisualStudioVersion = 17.14.36811.4 d17.14
MinimumVisualStudioVersion = 10.0.40219.1
Project("{FAE04EC0-301F-11D3-BF4B-00C04F79EFBC}") = "Expense Tracker", "Expense Tracker.csproj", "{BC4F0FEF-280C-465D-BA87-272CB4726895}"
EndProject
Global
	GlobalSection(SolutionConfigurationPlatforms) = preSolution
		Debug|Any CPU = Debug|Any CPU
		Release|Any CPU = Release|Any CPU
	EndGlobalSection
	GlobalSection(ProjectConfigurationPlatforms) = postSolution
		{BC4F0FEF-280C-465D-BA87-272CB4726895}.Debug|Any CPU.ActiveCfg = Debug|Any CPU
		{BC4F0FEF-280C-465D-BA87-272CB4726895}.Debug|Any CPU.Build.0 = Debug|Any CPU
		{BC4F0FEF-280C-465D-BA87-272CB4726895}.Release|Any CPU.ActiveCfg = Release|Any CPU
		{BC4F0FEF-280C-465D-BA87-272CB4726895}.Release|Any CPU.Build.0 = Release|Any CPU
	EndGlobalSection
	GlobalSection(SolutionProperties) = preSolution
		HideSolutionNode = FALSE
	EndGlobalSection
	GlobalSection(ExtensibilityGlobals) = postSolution
		SolutionGuid = {F7001BCE-F0F1-4671-A389-92E23CC51EE1}
	EndGlobalSection
EndGlobal
